
Microsoft Visual Studio Solution File, Format Version 12.00
# Visual Studio Version 17
VisualStudioVersion = 17.5.33424.131
MinimumVisualStudioVersion = 10.0.40219.1
Project("{FAE04EC0-301F-11D3-BF4B-00C04F79EFBC}") = "tiny-bmp-editor", "tiny-bmp-editor.csproj", "{D04081BB-0B0B-40C8-9109-ABF630B596CB}"
EndProject
Global
	GlobalSection(SolutionConfigurationPlatforms) = preSolution
		Debug|Any CPU = Debug|Any CPU
		Release|Any CPU = Release|Any CPU
	EndGlobalSection
	GlobalSection(ProjectConfigurationPlatforms) = postSolution
		{D04081BB-0B0B-40C8-9109-ABF630B596CB}.Debug|Any CPU.ActiveCfg = Debug|Any CPU
		{D04081BB-0B0B-40C8-9109-ABF630B596CB}.Debug|Any CPU.Build.0 = Debug|Any CPU
		{D04081BB-0B0B-40C8-9109-ABF630B596CB}.Release|Any CPU.ActiveCfg = Release|Any CPU
		{D04081BB-0B0B-40C8-9109-ABF630B596CB}.Release|Any CPU.Build.0 = Release|Any CPU
	EndGlobalSection
	GlobalSection(SolutionProperties) = preSolution
		HideSolutionNode = FALSE
	EndGlobalSection
	GlobalSection(ExtensibilityGlobals) = postSolution
		SolutionGuid = {3FC311BF-C36F-4A85-B9C5-57B0A05057D0}
	EndGlobalSection
EndGlobal
